
Microsoft Visual Studio Solution File, Format Version 12.00
# Visual Studio Version 17
VisualStudioVersion = 17.4.33205.214
MinimumVisualStudioVersion = 10.0.40219.1
Project("{FAE04EC0-301F-11D3-BF4B-00C04F79EFBC}") = "TifToPdf", "TifToPdf.csproj", "{388BBFF7-E802-4C3D-ABDB-251CFAD7713F}"
EndProject
Project("{FAE04EC0-301F-11D3-BF4B-00C04F79EFBC}") = "ConvertTiffToPdfApi", "..\ConvertTiffToPdfApi\ConvertTiffToPdfApi.csproj", "{9250EE15-16D2-45A2-9E41-B688A909B6AA}"
EndProject
Global
	GlobalSection(SolutionConfigurationPlatforms) = preSolution
		Debug|Any CPU = Debug|Any CPU
		Release|Any CPU = Release|Any CPU
	EndGlobalSection
	GlobalSection(ProjectConfigurationPlatforms) = postSolution
		{388BBFF7-E802-4C3D-ABDB-251CFAD7713F}.Debug|Any CPU.ActiveCfg = Debug|Any CPU
		{388BBFF7-E802-4C3D-ABDB-251CFAD7713F}.Debug|Any CPU.Build.0 = Debug|Any CPU
		{388BBFF7-E802-4C3D-ABDB-251CFAD7713F}.Release|Any CPU.ActiveCfg = Release|Any CPU
		{388BBFF7-E802-4C3D-ABDB-251CFAD7713F}.Release|Any CPU.Build.0 = Release|Any CPU
		{9250EE15-16D2-45A2-9E41-B688A909B6AA}.Debug|Any CPU.ActiveCfg = Debug|Any CPU
		{9250EE15-16D2-45A2-9E41-B688A909B6AA}.Debug|Any CPU.Build.0 = Debug|Any CPU
		{9250EE15-16D2-45A2-9E41-B688A909B6AA}.Release|Any CPU.ActiveCfg = Release|Any CPU
		{9250EE15-16D2-45A2-9E41-B688A909B6AA}.Release|Any CPU.Build.0 = Release|Any CPU
	EndGlobalSection
	GlobalSection(SolutionProperties) = preSolution
		HideSolutionNode = FALSE
	EndGlobalSection
	GlobalSection(ExtensibilityGlobals) = postSolution
		SolutionGuid = {3736C68E-52BC-44E7-B82A-975DAE32B5D3}
	EndGlobalSection
EndGlobal
